
Microsoft Visual Studio Solution File, Format Version 12.00
# Visual Studio Version 17
VisualStudioVersion = 17.12.35506.116
MinimumVisualStudioVersion = 10.0.40219.1
Project("{2150E333-8FDC-42A3-9474-1A3956D46DE8}") = "Services", "Services", "{865D50A4-5983-47A1-B6EE-49C503FF2AA2}"
EndProject
Project("{2150E333-8FDC-42A3-9474-1A3956D46DE8}") = "Catalog", "Catalog", "{F0C7A105-BFAD-4192-AE51-A7A69FB5C844}"
EndProject
Project("{FAE04EC0-301F-11D3-BF4B-00C04F79EFBC}") = "Catalog.API", "Services\Catalog\Catalog.API\Catalog.API.csproj", "{DE095A88-581F-4E04-B579-FB01E92F38CE}"
EndProject
Project("{2150E333-8FDC-42A3-9474-1A3956D46DE8}") = "BuildingBlocks", "BuildingBlocks", "{9B8CA5F2-4B5B-4B10-9D62-D366F021E2A2}"
EndProject
Project("{FAE04EC0-301F-11D3-BF4B-00C04F79EFBC}") = "BuildingBlocks", "BuildingBlocks\BuildingBlocks\BuildingBlocks.csproj", "{E51A2E74-7AD7-489E-A05A-8FC83140C6AF}"
EndProject
Global
	GlobalSection(SolutionConfigurationPlatforms) = preSolution
		Debug|Any CPU = Debug|Any CPU
		Release|Any CPU = Release|Any CPU
	EndGlobalSection
	GlobalSection(ProjectConfigurationPlatforms) = postSolution
		{DE095A88-581F-4E04-B579-FB01E92F38CE}.Debug|Any CPU.ActiveCfg = Debug|Any CPU
		{DE095A88-581F-4E04-B579-FB01E92F38CE}.Debug|Any CPU.Build.0 = Debug|Any CPU
		{DE095A88-581F-4E04-B579-FB01E92F38CE}.Release|Any CPU.ActiveCfg = Release|Any CPU
		{DE095A88-581F-4E04-B579-FB01E92F38CE}.Release|Any CPU.Build.0 = Release|Any CPU
		{E51A2E74-7AD7-489E-A05A-8FC83140C6AF}.Debug|Any CPU.ActiveCfg = Debug|Any CPU
		{E51A2E74-7AD7-489E-A05A-8FC83140C6AF}.Debug|Any CPU.Build.0 = Debug|Any CPU
		{E51A2E74-7AD7-489E-A05A-8FC83140C6AF}.Release|Any CPU.ActiveCfg = Release|Any CPU
		{E51A2E74-7AD7-489E-A05A-8FC83140C6AF}.Release|Any CPU.Build.0 = Release|Any CPU
	EndGlobalSection
	GlobalSection(SolutionProperties) = preSolution
		HideSolutionNode = FALSE
	EndGlobalSection
	GlobalSection(NestedProjects) = preSolution
		{F0C7A105-BFAD-4192-AE51-A7A69FB5C844} = {865D50A4-5983-47A1-B6EE-49C503FF2AA2}
		{DE095A88-581F-4E04-B579-FB01E92F38CE} = {F0C7A105-BFAD-4192-AE51-A7A69FB5C844}
		{E51A2E74-7AD7-489E-A05A-8FC83140C6AF} = {9B8CA5F2-4B5B-4B10-9D62-D366F021E2A2}
	EndGlobalSection
EndGlobal
