
Microsoft Visual Studio Solution File, Format Version 12.00
# Visual Studio Version 17
VisualStudioVersion = 17.12.35506.116
MinimumVisualStudioVersion = 10.0.40219.1
Project("{2150E333-8FDC-42A3-9474-1A3956D46DE8}") = "Services", "Services", "{865D50A4-5983-47A1-B6EE-49C503FF2AA2}"
EndProject
Project("{2150E333-8FDC-42A3-9474-1A3956D46DE8}") = "Catalog", "Catalog", "{F0C7A105-BFAD-4192-AE51-A7A69FB5C844}"
EndProject
Project("{FAE04EC0-301F-11D3-BF4B-00C04F79EFBC}") = "Catalog.API", "Services\Catalog\Catalog.API\Catalog.API.csproj", "{DE095A88-581F-4E04-B579-FB01E92F38CE}"
EndProject
Project("{2150E333-8FDC-42A3-9474-1A3956D46DE8}") = "BuildingBlocks", "BuildingBlocks", "{9B8CA5F2-4B5B-4B10-9D62-D366F021E2A2}"
EndProject
Project("{FAE04EC0-301F-11D3-BF4B-00C04F79EFBC}") = "BuildingBlocks", "BuildingBlocks\BuildingBlocks\BuildingBlocks.csproj", "{E51A2E74-7AD7-489E-A05A-8FC83140C6AF}"
EndProject
Project("{E53339B2-1760-4266-BCC7-CA923CBCF16C}") = "docker-compose", "docker-compose.dcproj", "{2651DE02-0EF6-49E4-BD38-94A900F85044}"
EndProject
Project("{2150E333-8FDC-42A3-9474-1A3956D46DE8}") = "Basket", "Basket", "{6EE325D5-E124-48B2-AB2F-332881709C61}"
EndProject
Project("{FAE04EC0-301F-11D3-BF4B-00C04F79EFBC}") = "Basket.API", "Services\Basket\Basket.API\Basket.API.csproj", "{92D1D773-A908-4E8A-8A75-3B197022664E}"
EndProject
Project("{2150E333-8FDC-42A3-9474-1A3956D46DE8}") = "Discount", "Discount", "{3CEBDC6F-3C96-4712-BB58-D97FE235BC6B}"
EndProject
Project("{FAE04EC0-301F-11D3-BF4B-00C04F79EFBC}") = "Discount.Grpc", "Services\Discount\Discount.Grpc\Discount.Grpc.csproj", "{8CFBD842-3C16-42A1-9630-A08629FB7E60}"
EndProject
Global
	GlobalSection(SolutionConfigurationPlatforms) = preSolution
		Debug|Any CPU = Debug|Any CPU
		Release|Any CPU = Release|Any CPU
	EndGlobalSection
	GlobalSection(ProjectConfigurationPlatforms) = postSolution
		{DE095A88-581F-4E04-B579-FB01E92F38CE}.Debug|Any CPU.ActiveCfg = Debug|Any CPU
		{DE095A88-581F-4E04-B579-FB01E92F38CE}.Debug|Any CPU.Build.0 = Debug|Any CPU
		{DE095A88-581F-4E04-B579-FB01E92F38CE}.Release|Any CPU.ActiveCfg = Release|Any CPU
		{DE095A88-581F-4E04-B579-FB01E92F38CE}.Release|Any CPU.Build.0 = Release|Any CPU
		{E51A2E74-7AD7-489E-A05A-8FC83140C6AF}.Debug|Any CPU.ActiveCfg = Debug|Any CPU
		{E51A2E74-7AD7-489E-A05A-8FC83140C6AF}.Debug|Any CPU.Build.0 = Debug|Any CPU
		{E51A2E74-7AD7-489E-A05A-8FC83140C6AF}.Release|Any CPU.ActiveCfg = Release|Any CPU
		{E51A2E74-7AD7-489E-A05A-8FC83140C6AF}.Release|Any CPU.Build.0 = Release|Any CPU
		{2651DE02-0EF6-49E4-BD38-94A900F85044}.Debug|Any CPU.ActiveCfg = Debug|Any CPU
		{2651DE02-0EF6-49E4-BD38-94A900F85044}.Debug|Any CPU.Build.0 = Debug|Any CPU
		{2651DE02-0EF6-49E4-BD38-94A900F85044}.Release|Any CPU.ActiveCfg = Release|Any CPU
		{2651DE02-0EF6-49E4-BD38-94A900F85044}.Release|Any CPU.Build.0 = Release|Any CPU
		{92D1D773-A908-4E8A-8A75-3B197022664E}.Debug|Any CPU.ActiveCfg = Debug|Any CPU
		{92D1D773-A908-4E8A-8A75-3B197022664E}.Debug|Any CPU.Build.0 = Debug|Any CPU
		{92D1D773-A908-4E8A-8A75-3B197022664E}.Release|Any CPU.ActiveCfg = Release|Any CPU
		{92D1D773-A908-4E8A-8A75-3B197022664E}.Release|Any CPU.Build.0 = Release|Any CPU
		{8CFBD842-3C16-42A1-9630-A08629FB7E60}.Debug|Any CPU.ActiveCfg = Debug|Any CPU
		{8CFBD842-3C16-42A1-9630-A08629FB7E60}.Debug|Any CPU.Build.0 = Debug|Any CPU
		{8CFBD842-3C16-42A1-9630-A08629FB7E60}.Release|Any CPU.ActiveCfg = Release|Any CPU
		{8CFBD842-3C16-42A1-9630-A08629FB7E60}.Release|Any CPU.Build.0 = Release|Any CPU
	EndGlobalSection
	GlobalSection(SolutionProperties) = preSolution
		HideSolutionNode = FALSE
	EndGlobalSection
	GlobalSection(NestedProjects) = preSolution
		{F0C7A105-BFAD-4192-AE51-A7A69FB5C844} = {865D50A4-5983-47A1-B6EE-49C503FF2AA2}
		{DE095A88-581F-4E04-B579-FB01E92F38CE} = {F0C7A105-BFAD-4192-AE51-A7A69FB5C844}
		{E51A2E74-7AD7-489E-A05A-8FC83140C6AF} = {9B8CA5F2-4B5B-4B10-9D62-D366F021E2A2}
		{6EE325D5-E124-48B2-AB2F-332881709C61} = {865D50A4-5983-47A1-B6EE-49C503FF2AA2}
		{92D1D773-A908-4E8A-8A75-3B197022664E} = {6EE325D5-E124-48B2-AB2F-332881709C61}
		{3CEBDC6F-3C96-4712-BB58-D97FE235BC6B} = {865D50A4-5983-47A1-B6EE-49C503FF2AA2}
		{8CFBD842-3C16-42A1-9630-A08629FB7E60} = {3CEBDC6F-3C96-4712-BB58-D97FE235BC6B}
	EndGlobalSection
EndGlobal
